
Microsoft Visual Studio Solution File, Format Version 12.00
# Visual Studio Version 17
VisualStudioVersion = 17.1.32414.318
MinimumVisualStudioVersion = 10.0.40219.1
Project("{FAE04EC0-301F-11D3-BF4B-00C04F79EFBC}") = "Chapter_01", "Chapter_01.csproj", "{94D3D4AC-4480-45B8-B26C-3868AFEB7B32}"
EndProject
Global
	GlobalSection(SolutionConfigurationPlatforms) = preSolution
		Debug|Any CPU = Debug|Any CPU
		Release|Any CPU = Release|Any CPU
	EndGlobalSection
	GlobalSection(ProjectConfigurationPlatforms) = postSolution
		{94D3D4AC-4480-45B8-B26C-3868AFEB7B32}.Debug|Any CPU.ActiveCfg = Debug|Any CPU
		{94D3D4AC-4480-45B8-B26C-3868AFEB7B32}.Debug|Any CPU.Build.0 = Debug|Any CPU
		{94D3D4AC-4480-45B8-B26C-3868AFEB7B32}.Release|Any CPU.ActiveCfg = Release|Any CPU
		{94D3D4AC-4480-45B8-B26C-3868AFEB7B32}.Release|Any CPU.Build.0 = Release|Any CPU
	EndGlobalSection
	GlobalSection(SolutionProperties) = preSolution
		HideSolutionNode = FALSE
	EndGlobalSection
	GlobalSection(ExtensibilityGlobals) = postSolution
		SolutionGuid = {D4BAB229-2946-4608-929A-2CAEC69E45E2}
	EndGlobalSection
EndGlobal
